
Microsoft Visual Studio Solution File, Format Version 12.00
# Visual Studio Version 16
VisualStudioVersion = 16.0.30611.23
MinimumVisualStudioVersion = 10.0.40219.1
Project("{FAE04EC0-301F-11D3-BF4B-00C04F79EFBC}") = "quanlynhansu", "quanlynhansu\quanlynhansu.csproj", "{8B2798D2-1257-4772-B288-41E18924E687}"
EndProject
Global
	GlobalSection(SolutionConfigurationPlatforms) = preSolution
		Debug|Any CPU = Debug|Any CPU
		Release|Any CPU = Release|Any CPU
	EndGlobalSection
	GlobalSection(ProjectConfigurationPlatforms) = postSolution
		{8B2798D2-1257-4772-B288-41E18924E687}.Debug|Any CPU.ActiveCfg = Debug|Any CPU
		{8B2798D2-1257-4772-B288-41E18924E687}.Debug|Any CPU.Build.0 = Debug|Any CPU
		{8B2798D2-1257-4772-B288-41E18924E687}.Release|Any CPU.ActiveCfg = Release|Any CPU
		{8B2798D2-1257-4772-B288-41E18924E687}.Release|Any CPU.Build.0 = Release|Any CPU
	EndGlobalSection
	GlobalSection(SolutionProperties) = preSolution
		HideSolutionNode = FALSE
	EndGlobalSection
	GlobalSection(ExtensibilityGlobals) = postSolution
		SolutionGuid = {418EA019-D649-4388-838D-ABA7612BDC3E}
	EndGlobalSection
EndGlobal
